{
  "name": "@managed-components/types",
  "version": "1.1.0",
  "lockfileVersion": 2,
  "requires": true,
  "packages": {
    "": {
      "name": "@managed-components/types",
      "version": "1.0.5",
      "license": "BSD-3-Clause",
      "devDependencies": {
        "typescript": "^4.8.0-dev.20220526"
      },
      "engines": {
        "node": ">=17.0.0"
      }
    },
    "node_modules/typescript": {
      "version": "4.8.0-dev.20220526",
      "resolved": "https://registry.npmjs.org/typescript/-/typescript-4.8.0-dev.20220526.tgz",
      "integrity": "sha512-qWTQU8dmR878V0vuAwsBHaHoS9kJDsa/NEsWB3GEMNjiTMvoKfIHUT2YsIo3KlNAZheFKi1G59TJtpibt/gdMQ==",
      "dev": true,
      "bin": {
        "tsc": "bin/tsc",
        "tsserver": "bin/tsserver"
      },
      "engines": {
        "node": ">=4.2.0"
      }
    }
  },
  "dependencies": {
    "typescript": {
      "version": "4.8.0-dev.20220526",
      "resolved": "https://registry.npmjs.org/typescript/-/typescript-4.8.0-dev.20220526.tgz",
      "integrity": "sha512-qWTQU8dmR878V0vuAwsBHaHoS9kJDsa/NEsWB3GEMNjiTMvoKfIHUT2YsIo3KlNAZheFKi1G59TJtpibt/gdMQ==",
      "dev": true
    }
  }
}
